Microsoft Visual Studio Solution File, Format Version 12.00
# Visual Studio 15
VisualStudioVersion = 15.0.27130.2010
MinimumVisualStudioVersion = 10.0.40219.1
Project("{2150E333-8FDC-42A3-9474-1A3956D46DE8}") = "Localization", "Localization", "{6C7862A8-8BAE-4B07-B1EA-9642D9122354}"
EndProject
Project("{8BC9CEB8-8B4A-11D0-8D11-00A0C91BC942}") = "FBShell", "FBShell\FBShell.vcxproj", "{856C10BA-254C-4FA0-B45B-00F4B5A6DEB2}"
	ProjectSection(ProjectDependencies) = postProject
		{700EF473-7FF9-4CD4-93FB-9C3ABF5D5C4A} = {700EF473-7FF9-4CD4-93FB-9C3ABF5D5C4A}
	EndProjectSection
EndProject
Project("{8BC9CEB8-8B4A-11D0-8D11-00A0C91BC942}") = "FBV", "FBV\FBV.vcxproj", "{700EF473-7FF9-4CD4-93FB-9C3ABF5D5C4A}"
EndProject
Project("{8BC9CEB8-8B4A-11D0-8D11-00A0C91BC942}") = "ExportHTML", "FBE\ExportHTML\ExportHTML.vcxproj", "{F15BE191-947B-40DB-934C-507D5011441C}"
	ProjectSection(ProjectDependencies) = postProject
		{E1B04471-3393-4970-93ED-FB6A57BCDA8B} = {E1B04471-3393-4970-93ED-FB6A57BCDA8B}
	EndProjectSection
EndProject
Project("{8BC9CEB8-8B4A-11D0-8D11-00A0C91BC942}") = "FBE", "FBE\FBE.vcxproj", "{E1B04471-3393-4970-93ED-FB6A57BCDA8B}"
EndProject
Project("{8BC9CEB8-8B4A-11D0-8D11-00A0C91BC942}") = "FBE.ru-RU", "FBE\Localization\FBE.ru-RU\FBE.ru-RU.vcxproj", "{1BC3F431-9672-4191-9FC5-A8B1C9C08E36}"
	ProjectSection(ProjectDependencies) = postProject
		{E1B04471-3393-4970-93ED-FB6A57BCDA8B} = {E1B04471-3393-4970-93ED-FB6A57BCDA8B}
	EndProjectSection
EndProject
Project("{8BC9CEB8-8B4A-11D0-8D11-00A0C91BC942}") = "FBE.uk-UA", "FBE\Localization\FBE.uk-UA\FBE.uk-UA.vcxproj", "{B0D6E5EB-56C0-4DC2-A98F-98EFE5158B8B}"
	ProjectSection(ProjectDependencies) = postProject
		{E1B04471-3393-4970-93ED-FB6A57BCDA8B} = {E1B04471-3393-4970-93ED-FB6A57BCDA8B}
	EndProjectSection
EndProject
Global
	GlobalSection(SolutionConfigurationPlatforms) = preSolution
		Debug|Win32 = Debug|Win32
		Debug|x64 = Debug|x64
		Release|Win32 = Release|Win32
		Release|x64 = Release|x64
	EndGlobalSection
	GlobalSection(ProjectConfigurationPlatforms) = postSolution
		{856C10BA-254C-4FA0-B45B-00F4B5A6DEB2}.Debug|Win32.ActiveCfg = Debug|Win32
		{856C10BA-254C-4FA0-B45B-00F4B5A6DEB2}.Debug|Win32.Build.0 = Debug|Win32
		{856C10BA-254C-4FA0-B45B-00F4B5A6DEB2}.Debug|x64.ActiveCfg = Debug|x64
		{856C10BA-254C-4FA0-B45B-00F4B5A6DEB2}.Debug|x64.Build.0 = Debug|x64
		{856C10BA-254C-4FA0-B45B-00F4B5A6DEB2}.Release|Win32.ActiveCfg = Release|Win32
		{856C10BA-254C-4FA0-B45B-00F4B5A6DEB2}.Release|Win32.Build.0 = Release|Win32
		{856C10BA-254C-4FA0-B45B-00F4B5A6DEB2}.Release|x64.ActiveCfg = Release|x64
		{856C10BA-254C-4FA0-B45B-00F4B5A6DEB2}.Release|x64.Build.0 = Release|x64
		{700EF473-7FF9-4CD4-93FB-9C3ABF5D5C4A}.Debug|Win32.ActiveCfg = Debug|Win32
		{700EF473-7FF9-4CD4-93FB-9C3ABF5D5C4A}.Debug|Win32.Build.0 = Debug|Win32
		{700EF473-7FF9-4CD4-93FB-9C3ABF5D5C4A}.Debug|x64.ActiveCfg = Debug|x64
		{700EF473-7FF9-4CD4-93FB-9C3ABF5D5C4A}.Debug|x64.Build.0 = Debug|x64
		{700EF473-7FF9-4CD4-93FB-9C3ABF5D5C4A}.Release|Win32.ActiveCfg = Release|Win32
		{700EF473-7FF9-4CD4-93FB-9C3ABF5D5C4A}.Release|Win32.Build.0 = Release|Win32
		{700EF473-7FF9-4CD4-93FB-9C3ABF5D5C4A}.Release|x64.ActiveCfg = Release|x64
		{700EF473-7FF9-4CD4-93FB-9C3ABF5D5C4A}.Release|x64.Build.0 = Release|x64
		{F15BE191-947B-40DB-934C-507D5011441C}.Debug|Win32.ActiveCfg = Debug|Win32
		{F15BE191-947B-40DB-934C-507D5011441C}.Debug|Win32.Build.0 = Debug|Win32
		{F15BE191-947B-40DB-934C-507D5011441C}.Debug|x64.ActiveCfg = Debug|x64
		{F15BE191-947B-40DB-934C-507D5011441C}.Debug|x64.Build.0 = Debug|x64
		{F15BE191-947B-40DB-934C-507D5011441C}.Release|Win32.ActiveCfg = Release|Win32
		{F15BE191-947B-40DB-934C-507D5011441C}.Release|Win32.Build.0 = Release|Win32
		{F15BE191-947B-40DB-934C-507D5011441C}.Release|x64.ActiveCfg = Release|x64
		{F15BE191-947B-40DB-934C-507D5011441C}.Release|x64.Build.0 = Release|x64
		{E1B04471-3393-4970-93ED-FB6A57BCDA8B}.Debug|Win32.ActiveCfg = Debug|Win32
		{E1B04471-3393-4970-93ED-FB6A57BCDA8B}.Debug|Win32.Build.0 = Debug|Win32
		{E1B04471-3393-4970-93ED-FB6A57BCDA8B}.Debug|x64.ActiveCfg = Debug|x64
		{E1B04471-3393-4970-93ED-FB6A57BCDA8B}.Debug|x64.Build.0 = Debug|x64
		{E1B04471-3393-4970-93ED-FB6A57BCDA8B}.Release|Win32.ActiveCfg = Release|Win32
		{E1B04471-3393-4970-93ED-FB6A57BCDA8B}.Release|Win32.Build.0 = Release|Win32
		{E1B04471-3393-4970-93ED-FB6A57BCDA8B}.Release|x64.ActiveCfg = Release|x64
		{E1B04471-3393-4970-93ED-FB6A57BCDA8B}.Release|x64.Build.0 = Release|x64
		{1BC3F431-9672-4191-9FC5-A8B1C9C08E36}.Debug|Win32.ActiveCfg = Debug|Win32
		{1BC3F431-9672-4191-9FC5-A8B1C9C08E36}.Debug|Win32.Build.0 = Debug|Win32
		{1BC3F431-9672-4191-9FC5-A8B1C9C08E36}.Debug|x64.ActiveCfg = Debug|x64
		{1BC3F431-9672-4191-9FC5-A8B1C9C08E36}.Debug|x64.Build.0 = Debug|x64
		{1BC3F431-9672-4191-9FC5-A8B1C9C08E36}.Release|Win32.ActiveCfg = Release|Win32
		{1BC3F431-9672-4191-9FC5-A8B1C9C08E36}.Release|Win32.Build.0 = Release|Win32
		{1BC3F431-9672-4191-9FC5-A8B1C9C08E36}.Release|x64.ActiveCfg = Release|x64
		{1BC3F431-9672-4191-9FC5-A8B1C9C08E36}.Release|x64.Build.0 = Release|x64
		{B0D6E5EB-56C0-4DC2-A98F-98EFE5158B8B}.Debug|Win32.ActiveCfg = Debug|Win32
		{B0D6E5EB-56C0-4DC2-A98F-98EFE5158B8B}.Debug|Win32.Build.0 = Debug|Win32
		{B0D6E5EB-56C0-4DC2-A98F-98EFE5158B8B}.Debug|x64.ActiveCfg = Debug|x64
		{B0D6E5EB-56C0-4DC2-A98F-98EFE5158B8B}.Debug|x64.Build.0 = Debug|x64
		{B0D6E5EB-56C0-4DC2-A98F-98EFE5158B8B}.Release|Win32.ActiveCfg = Release|Win32
		{B0D6E5EB-56C0-4DC2-A98F-98EFE5158B8B}.Release|Win32.Build.0 = Release|Win32
		{B0D6E5EB-56C0-4DC2-A98F-98EFE5158B8B}.Release|x64.ActiveCfg = Release|x64
		{B0D6E5EB-56C0-4DC2-A98F-98EFE5158B8B}.Release|x64.Build.0 = Release|x64
	EndGlobalSection
	GlobalSection(SolutionProperties) = preSolution
		HideSolutionNode = FALSE
	EndGlobalSection
	GlobalSection(NestedProjects) = preSolution
		{1BC3F431-9672-4191-9FC5-A8B1C9C08E36} = {6C7862A8-8BAE-4B07-B1EA-9642D9122354}
		{B0D6E5EB-56C0-4DC2-A98F-98EFE5158B8B} = {6C7862A8-8BAE-4B07-B1EA-9642D9122354}
	EndGlobalSection
	GlobalSection(ExtensibilityGlobals) = postSolution
		SolutionGuid = {70FB96E8-95C0-43D2-B4D6-D321F6535A32}
	EndGlobalSection
	GlobalSection(SubversionScc) = preSolution
		Svn-Managed = True
		Manager = AnkhSVN - Subversion Support for Visual Studio
	EndGlobalSection
EndGlobal
