<?xml version="1.0" encoding="utf-8"?>
<Project ToolsVersion="14.0" xmlns="http://schemas.microsoft.com/developer/msbuild/2003">
  <ItemGroup>
    <ClCompile Include="pcre_byte_order.c" />
    <ClCompile Include="pcre_chartables.c" />
    <ClCompile Include="pcre_compile.c" />
    <ClCompile Include="pcre_config.c" />
    <ClCompile Include="pcre_dfa_exec.c" />
    <ClCompile Include="pcre_exec.c" />
    <ClCompile Include="pcre_fullinfo.c" />
    <ClCompile Include="pcre_get.c" />
    <ClCompile Include="pcre_globals.c" />
    <ClCompile Include="pcre_jit_compile.c" />
    <ClCompile Include="pcre_maketables.c" />
    <ClCompile Include="pcre_newline.c" />
    <ClCompile Include="pcre_ord2utf8.c" />
    <ClCompile Include="pcre_refcount.c" />
    <ClCompile Include="pcre_string_utils.c" />
    <ClCompile Include="pcre_study.c" />
    <ClCompile Include="pcre_tables.c" />
    <ClCompile Include="pcre_ucd.c" />
    <ClCompile Include="pcre_valid_utf8.c" />
    <ClCompile Include="pcre_version.c" />
    <ClCompile Include="pcre_xclass.c" />
  </ItemGroup>
  <ItemGroup>
    <ClInclude Include="pcre.h">
      <Filter>Header Files</Filter>
    </ClInclude>
    <ClInclude Include="config.h">
      <Filter>Header Files</Filter>
    </ClInclude>
  </ItemGroup>
  <ItemGroup>
    <Filter Include="Source Files">
      <UniqueIdentifier>{955C7441-65E9-4E06-8454-266B0AF5B032}</UniqueIdentifier>
    </Filter>
    <Filter Include="Header Files">
      <UniqueIdentifier>{B297E909-B442-48D3-B827-1483CDF9FC22}</UniqueIdentifier>
    </Filter>
  </ItemGroup>
</Project>