<?xml version="1.0" encoding="UTF-8"?>
<Project ToolsVersion="14.0" xmlns="http://schemas.microsoft.com/developer/msbuild/2003">
  <ItemGroup>
    <ClCompile Include="D:\Users\evpobr\Documents\GitHubVisualStudio\pcre\pcre_byte_order.c">
      <Filter>Source Files</Filter>
    </ClCompile>
    <ClCompile Include="D:\Users\evpobr\Documents\GitHubVisualStudio\pcre\pcre_chartables.c">
      <Filter>Source Files</Filter>
    </ClCompile>
    <ClCompile Include="D:\Users\evpobr\Documents\GitHubVisualStudio\pcre\pcre_compile.c">
      <Filter>Source Files</Filter>
    </ClCompile>
    <ClCompile Include="D:\Users\evpobr\Documents\GitHubVisualStudio\pcre\pcre_config.c">
      <Filter>Source Files</Filter>
    </ClCompile>
    <ClCompile Include="D:\Users\evpobr\Documents\GitHubVisualStudio\pcre\pcre_dfa_exec.c">
      <Filter>Source Files</Filter>
    </ClCompile>
    <ClCompile Include="D:\Users\evpobr\Documents\GitHubVisualStudio\pcre\pcre_exec.c">
      <Filter>Source Files</Filter>
    </ClCompile>
    <ClCompile Include="D:\Users\evpobr\Documents\GitHubVisualStudio\pcre\pcre_fullinfo.c">
      <Filter>Source Files</Filter>
    </ClCompile>
    <ClCompile Include="D:\Users\evpobr\Documents\GitHubVisualStudio\pcre\pcre_get.c">
      <Filter>Source Files</Filter>
    </ClCompile>
    <ClCompile Include="D:\Users\evpobr\Documents\GitHubVisualStudio\pcre\pcre_globals.c">
      <Filter>Source Files</Filter>
    </ClCompile>
    <ClCompile Include="D:\Users\evpobr\Documents\GitHubVisualStudio\pcre\pcre_jit_compile.c">
      <Filter>Source Files</Filter>
    </ClCompile>
    <ClCompile Include="D:\Users\evpobr\Documents\GitHubVisualStudio\pcre\pcre_maketables.c">
      <Filter>Source Files</Filter>
    </ClCompile>
    <ClCompile Include="D:\Users\evpobr\Documents\GitHubVisualStudio\pcre\pcre_newline.c">
      <Filter>Source Files</Filter>
    </ClCompile>
    <ClCompile Include="D:\Users\evpobr\Documents\GitHubVisualStudio\pcre\pcre_ord2utf8.c">
      <Filter>Source Files</Filter>
    </ClCompile>
    <ClCompile Include="D:\Users\evpobr\Documents\GitHubVisualStudio\pcre\pcre_refcount.c">
      <Filter>Source Files</Filter>
    </ClCompile>
    <ClCompile Include="D:\Users\evpobr\Documents\GitHubVisualStudio\pcre\pcre_string_utils.c">
      <Filter>Source Files</Filter>
    </ClCompile>
    <ClCompile Include="D:\Users\evpobr\Documents\GitHubVisualStudio\pcre\pcre_study.c">
      <Filter>Source Files</Filter>
    </ClCompile>
    <ClCompile Include="D:\Users\evpobr\Documents\GitHubVisualStudio\pcre\pcre_tables.c">
      <Filter>Source Files</Filter>
    </ClCompile>
    <ClCompile Include="D:\Users\evpobr\Documents\GitHubVisualStudio\pcre\pcre_ucd.c">
      <Filter>Source Files</Filter>
    </ClCompile>
    <ClCompile Include="D:\Users\evpobr\Documents\GitHubVisualStudio\pcre\pcre_valid_utf8.c">
      <Filter>Source Files</Filter>
    </ClCompile>
    <ClCompile Include="D:\Users\evpobr\Documents\GitHubVisualStudio\pcre\pcre_version.c">
      <Filter>Source Files</Filter>
    </ClCompile>
    <ClCompile Include="D:\Users\evpobr\Documents\GitHubVisualStudio\pcre\pcre_xclass.c">
      <Filter>Source Files</Filter>
    </ClCompile>
  </ItemGroup>
  <ItemGroup>
    <ClInclude Include="D:\Users\evpobr\Documents\GitHubVisualStudio\pcre\pcre.h">
      <Filter>Header Files</Filter>
    </ClInclude>
    <ClInclude Include="D:\Users\evpobr\Documents\GitHubVisualStudio\pcre\config.h">
      <Filter>Header Files</Filter>
    </ClInclude>
  </ItemGroup>
  <ItemGroup>
    <CustomBuild Include="D:\Users\evpobr\Documents\GitHubVisualStudio\pcre\CMakeLists.txt" />
  </ItemGroup>
  <ItemGroup>
    <Filter Include="Source Files">
      <UniqueIdentifier>{955C7441-65E9-4E06-8454-266B0AF5B032}</UniqueIdentifier>
    </Filter>
    <Filter Include="Header Files">
      <UniqueIdentifier>{B297E909-B442-48D3-B827-1483CDF9FC22}</UniqueIdentifier>
    </Filter>
  </ItemGroup>
</Project>
